Microsoft Visual Studio Solution File, Format Version 12.00
# Visual Studio Version 16
VisualStudioVersion = 16.0.32106.194
MinimumVisualStudioVersion = 10.0.40219.1
Project("{2150E333-8FDC-42A3-9474-1A3956D46DE8}") = "Solution Items", "Solution Items", "{BC5F16F8-7C32-49D3-8004-0333B9467CCB}"
	ProjectSection(SolutionItems) = preProject
		README.md = README.md
	EndProjectSection
EndProject
Project("{9A19103F-16F7-4668-BE54-9A1E7A4F7556}") = "ConsoleApp03", "ConsoleApp03\ConsoleApp03.csproj", "{E947119B-AD75-469E-8624-1FED701CBB04}"
EndProject
Project("{9A19103F-16F7-4668-BE54-9A1E7A4F7556}") = "ConsoleApp04", "ConsoleApp04\ConsoleApp04.csproj", "{F0A02CC3-1BA1-4CAC-98B8-CE258347DCCA}"
EndProject
Project("{9A19103F-16F7-4668-BE54-9A1E7A4F7556}") = "ConsoleApp05", "ConsoleApp05\ConsoleApp05.csproj", "{3A0B24E6-6517-4E4A-9B02-9F76F77A6940}"
EndProject
Project("{9A19103F-16F7-4668-BE54-9A1E7A4F7556}") = "ConsoleApp06", "ConsoleApp06\ConsoleApp06.csproj", "{4815137A-7887-4B84-8636-51EB303BFAF3}"
EndProject
Project("{9A19103F-16F7-4668-BE54-9A1E7A4F7556}") = "ConsoleApp07", "ConsoleApp07\ConsoleApp07.csproj", "{BE3D5D04-9904-4676-B279-E5C9E15D58C4}"
EndProject
Project("{9A19103F-16F7-4668-BE54-9A1E7A4F7556}") = "ConsoleApp08", "ConsoleApp08\ConsoleApp08.csproj", "{8D35D431-A66F-4F5E-BAFB-E47DB93E681C}"
EndProject
Project("{9A19103F-16F7-4668-BE54-9A1E7A4F7556}") = "ConsoleApp09", "ConsoleApp09\ConsoleApp09.csproj", "{D08C766C-7B5E-4F88-833A-667845A870AD}"
EndProject
Project("{FAE04EC0-301F-11D3-BF4B-00C04F79EFBC}") = "WinFormsApp01", "WinFormsApp01\WinFormsApp01.csproj", "{04A8D9D2-9378-4B74-95A0-E2B4C24B7629}"
EndProject
Project("{9A19103F-16F7-4668-BE54-9A1E7A4F7556}") = "ConsoleApp10", "ConsoleApp10\ConsoleApp10.csproj", "{F57B795B-15A4-4BA3-92EE-67ED1467AA19}"
EndProject
Project("{FAE04EC0-301F-11D3-BF4B-00C04F79EFBC}") = "ConsoleApp11", "ConsoleApp11\ConsoleApp11.csproj", "{0AB6D776-9722-4A25-81BE-A8634461D2E0}"
	ProjectSection(ProjectDependencies) = postProject
		{8D35D431-A66F-4F5E-BAFB-E47DB93E681C} = {8D35D431-A66F-4F5E-BAFB-E47DB93E681C}
	EndProjectSection
EndProject
Project("{FAE04EC0-301F-11D3-BF4B-00C04F79EFBC}") = "ConsoleApp12", "ConsoleApp12\ConsoleApp12.csproj", "{6E212EAB-353F-446E-88B2-1B9C7D0C8E70}"
EndProject
Project("{FAE04EC0-301F-11D3-BF4B-00C04F79EFBC}") = "ConsoleApp13", "ConsoleApp13\ConsoleApp13.csproj", "{60A5C816-AC23-43BE-B05A-3FFEF77A1D96}"
EndProject
Project("{FAE04EC0-301F-11D3-BF4B-00C04F79EFBC}") = "ConsoleApp14", "ConsoleApp14\ConsoleApp14.csproj", "{92365EDB-F1D1-41AB-820E-1DF631C31291}"
EndProject
Project("{FAE04EC0-301F-11D3-BF4B-00C04F79EFBC}") = "ConsoleApp001", "ConsoleApp001\ConsoleApp001.csproj", "{1408C34C-A011-4C96-964E-55518608525B}"
EndProject
Project("{FAE04EC0-301F-11D3-BF4B-00C04F79EFBC}") = "ConsoleApp002", "ConsoleApp002\ConsoleApp002.csproj", "{6A40EC6F-38FF-437E-A2A7-B6EFF3D6C188}"
EndProject
Global
	GlobalSection(SolutionConfigurationPlatforms) = preSolution
		Debug|Any CPU = Debug|Any CPU
		Release|Any CPU = Release|Any CPU
	EndGlobalSection
	GlobalSection(ProjectConfigurationPlatforms) = postSolution
		{E947119B-AD75-469E-8624-1FED701CBB04}.Debug|Any CPU.ActiveCfg = Debug|Any CPU
		{E947119B-AD75-469E-8624-1FED701CBB04}.Debug|Any CPU.Build.0 = Debug|Any CPU
		{E947119B-AD75-469E-8624-1FED701CBB04}.Release|Any CPU.ActiveCfg = Release|Any CPU
		{E947119B-AD75-469E-8624-1FED701CBB04}.Release|Any CPU.Build.0 = Release|Any CPU
		{F0A02CC3-1BA1-4CAC-98B8-CE258347DCCA}.Debug|Any CPU.ActiveCfg = Debug|Any CPU
		{F0A02CC3-1BA1-4CAC-98B8-CE258347DCCA}.Debug|Any CPU.Build.0 = Debug|Any CPU
		{F0A02CC3-1BA1-4CAC-98B8-CE258347DCCA}.Release|Any CPU.ActiveCfg = Release|Any CPU
		{F0A02CC3-1BA1-4CAC-98B8-CE258347DCCA}.Release|Any CPU.Build.0 = Release|Any CPU
		{3A0B24E6-6517-4E4A-9B02-9F76F77A6940}.Debug|Any CPU.ActiveCfg = Debug|Any CPU
		{3A0B24E6-6517-4E4A-9B02-9F76F77A6940}.Debug|Any CPU.Build.0 = Debug|Any CPU
		{3A0B24E6-6517-4E4A-9B02-9F76F77A6940}.Release|Any CPU.ActiveCfg = Release|Any CPU
		{3A0B24E6-6517-4E4A-9B02-9F76F77A6940}.Release|Any CPU.Build.0 = Release|Any CPU
		{4815137A-7887-4B84-8636-51EB303BFAF3}.Debug|Any CPU.ActiveCfg = Debug|Any CPU
		{4815137A-7887-4B84-8636-51EB303BFAF3}.Debug|Any CPU.Build.0 = Debug|Any CPU
		{4815137A-7887-4B84-8636-51EB303BFAF3}.Release|Any CPU.ActiveCfg = Release|Any CPU
		{4815137A-7887-4B84-8636-51EB303BFAF3}.Release|Any CPU.Build.0 = Release|Any CPU
		{BE3D5D04-9904-4676-B279-E5C9E15D58C4}.Debug|Any CPU.ActiveCfg = Debug|Any CPU
		{BE3D5D04-9904-4676-B279-E5C9E15D58C4}.Debug|Any CPU.Build.0 = Debug|Any CPU
		{BE3D5D04-9904-4676-B279-E5C9E15D58C4}.Release|Any CPU.ActiveCfg = Release|Any CPU
		{BE3D5D04-9904-4676-B279-E5C9E15D58C4}.Release|Any CPU.Build.0 = Release|Any CPU
		{8D35D431-A66F-4F5E-BAFB-E47DB93E681C}.Debug|Any CPU.ActiveCfg = Debug|Any CPU
		{8D35D431-A66F-4F5E-BAFB-E47DB93E681C}.Debug|Any CPU.Build.0 = Debug|Any CPU
		{8D35D431-A66F-4F5E-BAFB-E47DB93E681C}.Release|Any CPU.ActiveCfg = Release|Any CPU
		{8D35D431-A66F-4F5E-BAFB-E47DB93E681C}.Release|Any CPU.Build.0 = Release|Any CPU
		{D08C766C-7B5E-4F88-833A-667845A870AD}.Debug|Any CPU.ActiveCfg = Debug|Any CPU
		{D08C766C-7B5E-4F88-833A-667845A870AD}.Debug|Any CPU.Build.0 = Debug|Any CPU
		{D08C766C-7B5E-4F88-833A-667845A870AD}.Release|Any CPU.ActiveCfg = Release|Any CPU
		{D08C766C-7B5E-4F88-833A-667845A870AD}.Release|Any CPU.Build.0 = Release|Any CPU
		{04A8D9D2-9378-4B74-95A0-E2B4C24B7629}.Debug|Any CPU.ActiveCfg = Debug|Any CPU
		{04A8D9D2-9378-4B74-95A0-E2B4C24B7629}.Debug|Any CPU.Build.0 = Debug|Any CPU
		{04A8D9D2-9378-4B74-95A0-E2B4C24B7629}.Release|Any CPU.ActiveCfg = Release|Any CPU
		{04A8D9D2-9378-4B74-95A0-E2B4C24B7629}.Release|Any CPU.Build.0 = Release|Any CPU
		{F57B795B-15A4-4BA3-92EE-67ED1467AA19}.Debug|Any CPU.ActiveCfg = Debug|Any CPU
		{F57B795B-15A4-4BA3-92EE-67ED1467AA19}.Debug|Any CPU.Build.0 = Debug|Any CPU
		{F57B795B-15A4-4BA3-92EE-67ED1467AA19}.Release|Any CPU.ActiveCfg = Release|Any CPU
		{F57B795B-15A4-4BA3-92EE-67ED1467AA19}.Release|Any CPU.Build.0 = Release|Any CPU
		{0AB6D776-9722-4A25-81BE-A8634461D2E0}.Debug|Any CPU.ActiveCfg = Debug|Any CPU
		{0AB6D776-9722-4A25-81BE-A8634461D2E0}.Debug|Any CPU.Build.0 = Debug|Any CPU
		{0AB6D776-9722-4A25-81BE-A8634461D2E0}.Release|Any CPU.ActiveCfg = Release|Any CPU
		{0AB6D776-9722-4A25-81BE-A8634461D2E0}.Release|Any CPU.Build.0 = Release|Any CPU
		{6E212EAB-353F-446E-88B2-1B9C7D0C8E70}.Debug|Any CPU.ActiveCfg = Debug|Any CPU
		{6E212EAB-353F-446E-88B2-1B9C7D0C8E70}.Debug|Any CPU.Build.0 = Debug|Any CPU
		{6E212EAB-353F-446E-88B2-1B9C7D0C8E70}.Release|Any CPU.ActiveCfg = Release|Any CPU
		{6E212EAB-353F-446E-88B2-1B9C7D0C8E70}.Release|Any CPU.Build.0 = Release|Any CPU
		{60A5C816-AC23-43BE-B05A-3FFEF77A1D96}.Debug|Any CPU.ActiveCfg = Debug|Any CPU
		{60A5C816-AC23-43BE-B05A-3FFEF77A1D96}.Debug|Any CPU.Build.0 = Debug|Any CPU
		{60A5C816-AC23-43BE-B05A-3FFEF77A1D96}.Release|Any CPU.ActiveCfg = Release|Any CPU
		{60A5C816-AC23-43BE-B05A-3FFEF77A1D96}.Release|Any CPU.Build.0 = Release|Any CPU
		{92365EDB-F1D1-41AB-820E-1DF631C31291}.Debug|Any CPU.ActiveCfg = Debug|Any CPU
		{92365EDB-F1D1-41AB-820E-1DF631C31291}.Debug|Any CPU.Build.0 = Debug|Any CPU
		{92365EDB-F1D1-41AB-820E-1DF631C31291}.Release|Any CPU.ActiveCfg = Release|Any CPU
		{92365EDB-F1D1-41AB-820E-1DF631C31291}.Release|Any CPU.Build.0 = Release|Any CPU
		{1408C34C-A011-4C96-964E-55518608525B}.Debug|Any CPU.ActiveCfg = Debug|Any CPU
		{1408C34C-A011-4C96-964E-55518608525B}.Debug|Any CPU.Build.0 = Debug|Any CPU
		{1408C34C-A011-4C96-964E-55518608525B}.Release|Any CPU.ActiveCfg = Release|Any CPU
		{1408C34C-A011-4C96-964E-55518608525B}.Release|Any CPU.Build.0 = Release|Any CPU
		{6A40EC6F-38FF-437E-A2A7-B6EFF3D6C188}.Debug|Any CPU.ActiveCfg = Debug|Any CPU
		{6A40EC6F-38FF-437E-A2A7-B6EFF3D6C188}.Debug|Any CPU.Build.0 = Debug|Any CPU
		{6A40EC6F-38FF-437E-A2A7-B6EFF3D6C188}.Release|Any CPU.ActiveCfg = Release|Any CPU
		{6A40EC6F-38FF-437E-A2A7-B6EFF3D6C188}.Release|Any CPU.Build.0 = Release|Any CPU
	EndGlobalSection
	GlobalSection(SolutionProperties) = preSolution
		HideSolutionNode = FALSE
	EndGlobalSection
	GlobalSection(ExtensibilityGlobals) = postSolution
		SolutionGuid = {14EE6AFB-D99E-42A4-A5BD-E71DE85253A5}
	EndGlobalSection
EndGlobal
