Microsoft Visual Studio Solution File, Format Version 12.00
# Visual Studio Version 16
VisualStudioVersion = 16.0.32106.194
MinimumVisualStudioVersion = 10.0.40219.1
Project("{2150E333-8FDC-42A3-9474-1A3956D46DE8}") = "Solution Items", "Solution Items", "{BC5F16F8-7C32-49D3-8004-0333B9467CCB}"
	ProjectSection(SolutionItems) = preProject
		README.md = README.md
	EndProjectSection
EndProject
Project("{9A19103F-16F7-4668-BE54-9A1E7A4F7556}") = "ConsoleApp09", "ConsoleApp09\ConsoleApp09.csproj", "{D08C766C-7B5E-4F88-833A-667845A870AD}"
EndProject
Project("{FAE04EC0-301F-11D3-BF4B-00C04F79EFBC}") = "WinFormsApp01", "WinFormsApp01\WinFormsApp01.csproj", "{04A8D9D2-9378-4B74-95A0-E2B4C24B7629}"
EndProject
Project("{9A19103F-16F7-4668-BE54-9A1E7A4F7556}") = "ConsoleApp10", "ConsoleApp10\ConsoleApp10.csproj", "{F57B795B-15A4-4BA3-92EE-67ED1467AA19}"
EndProject
Project("{FAE04EC0-301F-11D3-BF4B-00C04F79EFBC}") = "ConsoleApp11", "ConsoleApp11\ConsoleApp11.csproj", "{0AB6D776-9722-4A25-81BE-A8634461D2E0}"
EndProject
Project("{FAE04EC0-301F-11D3-BF4B-00C04F79EFBC}") = "ConsoleApp12", "ConsoleApp12\ConsoleApp12.csproj", "{6E212EAB-353F-446E-88B2-1B9C7D0C8E70}"
EndProject
Project("{FAE04EC0-301F-11D3-BF4B-00C04F79EFBC}") = "ConsoleApp13", "ConsoleApp13\ConsoleApp13.csproj", "{60A5C816-AC23-43BE-B05A-3FFEF77A1D96}"
EndProject
Project("{FAE04EC0-301F-11D3-BF4B-00C04F79EFBC}") = "ConsoleApp14", "ConsoleApp14\ConsoleApp14.csproj", "{92365EDB-F1D1-41AB-820E-1DF631C31291}"
EndProject
Project("{FAE04EC0-301F-11D3-BF4B-00C04F79EFBC}") = "ConsoleApp001", "ConsoleApp001\ConsoleApp001.csproj", "{1408C34C-A011-4C96-964E-55518608525B}"
EndProject
Project("{FAE04EC0-301F-11D3-BF4B-00C04F79EFBC}") = "ConsoleApp002", "ConsoleApp002\ConsoleApp002.csproj", "{6A40EC6F-38FF-437E-A2A7-B6EFF3D6C188}"
EndProject
Project("{FAE04EC0-301F-11D3-BF4B-00C04F79EFBC}") = "ConsoleApp003", "ConsoleApp003\ConsoleApp003.csproj", "{63249BC2-68DA-4EE0-98A7-9A0852ECDB77}"
EndProject
Project("{FAE04EC0-301F-11D3-BF4B-00C04F79EFBC}") = "ConsoleApp004", "ConsoleApp004\ConsoleApp004.csproj", "{95A0DF4C-A19B-42D3-A837-056278E45EBA}"
EndProject
Project("{FAE04EC0-301F-11D3-BF4B-00C04F79EFBC}") = "ConsoleApp005", "ConsoleApp005\ConsoleApp005.csproj", "{2F50E2CE-2DC2-4D73-B38E-B4A064A7C679}"
EndProject
Project("{FAE04EC0-301F-11D3-BF4B-00C04F79EFBC}") = "ConsoleApp006", "ConsoleApp006\ConsoleApp006.csproj", "{F99315DD-6E3E-46D4-BF4B-66073BED8971}"
EndProject
Project("{FAE04EC0-301F-11D3-BF4B-00C04F79EFBC}") = "ConsoleApp007", "ConsoleApp007\ConsoleApp007.csproj", "{E03527CA-28C5-4E16-B06C-174DD32554C2}"
EndProject
Project("{FAE04EC0-301F-11D3-BF4B-00C04F79EFBC}") = "ConsoleApp008", "ConsoleApp008\ConsoleApp008.csproj", "{DB9ABAE7-A0E4-499C-8BE9-8FB9E0228DA8}"
EndProject
Global
	GlobalSection(SolutionConfigurationPlatforms) = preSolution
		Debug|Any CPU = Debug|Any CPU
		Release|Any CPU = Release|Any CPU
	EndGlobalSection
	GlobalSection(ProjectConfigurationPlatforms) = postSolution
		{D08C766C-7B5E-4F88-833A-667845A870AD}.Debug|Any CPU.ActiveCfg = Debug|Any CPU
		{D08C766C-7B5E-4F88-833A-667845A870AD}.Debug|Any CPU.Build.0 = Debug|Any CPU
		{D08C766C-7B5E-4F88-833A-667845A870AD}.Release|Any CPU.ActiveCfg = Release|Any CPU
		{D08C766C-7B5E-4F88-833A-667845A870AD}.Release|Any CPU.Build.0 = Release|Any CPU
		{04A8D9D2-9378-4B74-95A0-E2B4C24B7629}.Debug|Any CPU.ActiveCfg = Debug|Any CPU
		{04A8D9D2-9378-4B74-95A0-E2B4C24B7629}.Debug|Any CPU.Build.0 = Debug|Any CPU
		{04A8D9D2-9378-4B74-95A0-E2B4C24B7629}.Release|Any CPU.ActiveCfg = Release|Any CPU
		{04A8D9D2-9378-4B74-95A0-E2B4C24B7629}.Release|Any CPU.Build.0 = Release|Any CPU
		{F57B795B-15A4-4BA3-92EE-67ED1467AA19}.Debug|Any CPU.ActiveCfg = Debug|Any CPU
		{F57B795B-15A4-4BA3-92EE-67ED1467AA19}.Debug|Any CPU.Build.0 = Debug|Any CPU
		{F57B795B-15A4-4BA3-92EE-67ED1467AA19}.Release|Any CPU.ActiveCfg = Release|Any CPU
		{F57B795B-15A4-4BA3-92EE-67ED1467AA19}.Release|Any CPU.Build.0 = Release|Any CPU
		{0AB6D776-9722-4A25-81BE-A8634461D2E0}.Debug|Any CPU.ActiveCfg = Debug|Any CPU
		{0AB6D776-9722-4A25-81BE-A8634461D2E0}.Debug|Any CPU.Build.0 = Debug|Any CPU
		{0AB6D776-9722-4A25-81BE-A8634461D2E0}.Release|Any CPU.ActiveCfg = Release|Any CPU
		{0AB6D776-9722-4A25-81BE-A8634461D2E0}.Release|Any CPU.Build.0 = Release|Any CPU
		{6E212EAB-353F-446E-88B2-1B9C7D0C8E70}.Debug|Any CPU.ActiveCfg = Debug|Any CPU
		{6E212EAB-353F-446E-88B2-1B9C7D0C8E70}.Debug|Any CPU.Build.0 = Debug|Any CPU
		{6E212EAB-353F-446E-88B2-1B9C7D0C8E70}.Release|Any CPU.ActiveCfg = Release|Any CPU
		{6E212EAB-353F-446E-88B2-1B9C7D0C8E70}.Release|Any CPU.Build.0 = Release|Any CPU
		{60A5C816-AC23-43BE-B05A-3FFEF77A1D96}.Debug|Any CPU.ActiveCfg = Debug|Any CPU
		{60A5C816-AC23-43BE-B05A-3FFEF77A1D96}.Debug|Any CPU.Build.0 = Debug|Any CPU
		{60A5C816-AC23-43BE-B05A-3FFEF77A1D96}.Release|Any CPU.ActiveCfg = Release|Any CPU
		{60A5C816-AC23-43BE-B05A-3FFEF77A1D96}.Release|Any CPU.Build.0 = Release|Any CPU
		{92365EDB-F1D1-41AB-820E-1DF631C31291}.Debug|Any CPU.ActiveCfg = Debug|Any CPU
		{92365EDB-F1D1-41AB-820E-1DF631C31291}.Debug|Any CPU.Build.0 = Debug|Any CPU
		{92365EDB-F1D1-41AB-820E-1DF631C31291}.Release|Any CPU.ActiveCfg = Release|Any CPU
		{92365EDB-F1D1-41AB-820E-1DF631C31291}.Release|Any CPU.Build.0 = Release|Any CPU
		{1408C34C-A011-4C96-964E-55518608525B}.Debug|Any CPU.ActiveCfg = Debug|Any CPU
		{1408C34C-A011-4C96-964E-55518608525B}.Debug|Any CPU.Build.0 = Debug|Any CPU
		{1408C34C-A011-4C96-964E-55518608525B}.Release|Any CPU.ActiveCfg = Release|Any CPU
		{1408C34C-A011-4C96-964E-55518608525B}.Release|Any CPU.Build.0 = Release|Any CPU
		{6A40EC6F-38FF-437E-A2A7-B6EFF3D6C188}.Debug|Any CPU.ActiveCfg = Debug|Any CPU
		{6A40EC6F-38FF-437E-A2A7-B6EFF3D6C188}.Debug|Any CPU.Build.0 = Debug|Any CPU
		{6A40EC6F-38FF-437E-A2A7-B6EFF3D6C188}.Release|Any CPU.ActiveCfg = Release|Any CPU
		{6A40EC6F-38FF-437E-A2A7-B6EFF3D6C188}.Release|Any CPU.Build.0 = Release|Any CPU
		{63249BC2-68DA-4EE0-98A7-9A0852ECDB77}.Debug|Any CPU.ActiveCfg = Debug|Any CPU
		{63249BC2-68DA-4EE0-98A7-9A0852ECDB77}.Debug|Any CPU.Build.0 = Debug|Any CPU
		{63249BC2-68DA-4EE0-98A7-9A0852ECDB77}.Release|Any CPU.ActiveCfg = Release|Any CPU
		{63249BC2-68DA-4EE0-98A7-9A0852ECDB77}.Release|Any CPU.Build.0 = Release|Any CPU
		{95A0DF4C-A19B-42D3-A837-056278E45EBA}.Debug|Any CPU.ActiveCfg = Debug|Any CPU
		{95A0DF4C-A19B-42D3-A837-056278E45EBA}.Debug|Any CPU.Build.0 = Debug|Any CPU
		{95A0DF4C-A19B-42D3-A837-056278E45EBA}.Release|Any CPU.ActiveCfg = Release|Any CPU
		{95A0DF4C-A19B-42D3-A837-056278E45EBA}.Release|Any CPU.Build.0 = Release|Any CPU
		{2F50E2CE-2DC2-4D73-B38E-B4A064A7C679}.Debug|Any CPU.ActiveCfg = Debug|Any CPU
		{2F50E2CE-2DC2-4D73-B38E-B4A064A7C679}.Debug|Any CPU.Build.0 = Debug|Any CPU
		{2F50E2CE-2DC2-4D73-B38E-B4A064A7C679}.Release|Any CPU.ActiveCfg = Release|Any CPU
		{2F50E2CE-2DC2-4D73-B38E-B4A064A7C679}.Release|Any CPU.Build.0 = Release|Any CPU
		{F99315DD-6E3E-46D4-BF4B-66073BED8971}.Debug|Any CPU.ActiveCfg = Debug|Any CPU
		{F99315DD-6E3E-46D4-BF4B-66073BED8971}.Debug|Any CPU.Build.0 = Debug|Any CPU
		{F99315DD-6E3E-46D4-BF4B-66073BED8971}.Release|Any CPU.ActiveCfg = Release|Any CPU
		{F99315DD-6E3E-46D4-BF4B-66073BED8971}.Release|Any CPU.Build.0 = Release|Any CPU
		{E03527CA-28C5-4E16-B06C-174DD32554C2}.Debug|Any CPU.ActiveCfg = Debug|Any CPU
		{E03527CA-28C5-4E16-B06C-174DD32554C2}.Debug|Any CPU.Build.0 = Debug|Any CPU
		{E03527CA-28C5-4E16-B06C-174DD32554C2}.Release|Any CPU.ActiveCfg = Release|Any CPU
		{E03527CA-28C5-4E16-B06C-174DD32554C2}.Release|Any CPU.Build.0 = Release|Any CPU
		{DB9ABAE7-A0E4-499C-8BE9-8FB9E0228DA8}.Debug|Any CPU.ActiveCfg = Debug|Any CPU
		{DB9ABAE7-A0E4-499C-8BE9-8FB9E0228DA8}.Debug|Any CPU.Build.0 = Debug|Any CPU
		{DB9ABAE7-A0E4-499C-8BE9-8FB9E0228DA8}.Release|Any CPU.ActiveCfg = Release|Any CPU
		{DB9ABAE7-A0E4-499C-8BE9-8FB9E0228DA8}.Release|Any CPU.Build.0 = Release|Any CPU
	EndGlobalSection
	GlobalSection(SolutionProperties) = preSolution
		HideSolutionNode = FALSE
	EndGlobalSection
	GlobalSection(ExtensibilityGlobals) = postSolution
		SolutionGuid = {14EE6AFB-D99E-42A4-A5BD-E71DE85253A5}
	EndGlobalSection
EndGlobal
