
Microsoft Visual Studio Solution File, Format Version 12.00
# Visual Studio Version 16
VisualStudioVersion = 16.0.32106.194
MinimumVisualStudioVersion = 10.0.40219.1
Project("{2150E333-8FDC-42A3-9474-1A3956D46DE8}") = "Solution Items", "Solution Items", "{BC5F16F8-7C32-49D3-8004-0333B9467CCB}"
	ProjectSection(SolutionItems) = preProject
		README.md = README.md
	EndProjectSection
EndProject
Project("{9A19103F-16F7-4668-BE54-9A1E7A4F7556}") = "ConsoleApp13", "ConsoleApp13\ConsoleApp13.csproj", "{C68EFD5D-9B97-4AD3-BB12-42BEF73522D1}"
EndProject
Project("{9A19103F-16F7-4668-BE54-9A1E7A4F7556}") = "ConsoleApp11", "ConsoleApp11\ConsoleApp11.csproj", "{7977F70C-8F9A-446D-A9B7-7DB3629534AA}"
EndProject
Project("{9A19103F-16F7-4668-BE54-9A1E7A4F7556}") = "ConsoleApp15", "ConsoleApp15\ConsoleApp15.csproj", "{6DB8AF2C-5AC4-4DEB-ACFF-9C8C881B005A}"
EndProject
Project("{9A19103F-16F7-4668-BE54-9A1E7A4F7556}") = "ConsoleApp16", "ConsoleApp16\ConsoleApp16.csproj", "{D7B50544-8AFC-45F4-9077-B1D0D1535241}"
EndProject
Project("{9A19103F-16F7-4668-BE54-9A1E7A4F7556}") = "ConsoleApp17", "ConsoleApp17\ConsoleApp17.csproj", "{64DE71A6-8846-4D5D-8931-EC51A5FFA803}"
EndProject
Project("{9A19103F-16F7-4668-BE54-9A1E7A4F7556}") = "StudentsGroupsApp", "StudentsGroupsApp\StudentsGroupsApp.csproj", "{E1614F94-7444-4765-B1F0-5746652EB46F}"
EndProject
Project("{9A19103F-16F7-4668-BE54-9A1E7A4F7556}") = "ConsoleApp03", "ConsoleApp03\ConsoleApp03.csproj", "{9F2562BD-0002-40D3-B0C7-8D814C9B7F14}"
EndProject
Project("{9A19103F-16F7-4668-BE54-9A1E7A4F7556}") = "ConsoleApp04", "ConsoleApp04\ConsoleApp04.csproj", "{6E64E421-FBE2-4378-9AF5-E1B80FC09EED}"
EndProject
Project("{9A19103F-16F7-4668-BE54-9A1E7A4F7556}") = "ConsoleApp05", "ConsoleApp05\ConsoleApp05.csproj", "{B470B641-C6F4-46BD-AFAD-FB0D841C5A23}"
EndProject
Project("{9A19103F-16F7-4668-BE54-9A1E7A4F7556}") = "ConsoleApp06", "ConsoleApp06\ConsoleApp06.csproj", "{E75BF9AF-60C6-4F62-A7EE-86F9C55E9F2F}"
EndProject
Project("{9A19103F-16F7-4668-BE54-9A1E7A4F7556}") = "ConsoleApp10", "ConsoleApp10\ConsoleApp10.csproj", "{E463E36F-0B42-43A1-A55B-BCC85060BF2A}"
EndProject
Project("{9A19103F-16F7-4668-BE54-9A1E7A4F7556}") = "ConsoleApp18", "ConsoleApp18\ConsoleApp18.csproj", "{B84D20A3-88A8-43E2-82D3-1F1D008CE5F0}"
EndProject
Project("{9A19103F-16F7-4668-BE54-9A1E7A4F7556}") = "SquareMatrixApp", "SquareMatrixApp\SquareMatrixApp.csproj", "{0BF64D76-2041-4C3B-ABE6-2E2F92DBD731}"
EndProject
Project("{9A19103F-16F7-4668-BE54-9A1E7A4F7556}") = "ConsoleApp19", "ConsoleApp19\ConsoleApp19.csproj", "{F54A6EAD-83B9-40B1-B594-9AE02A7E16F2}"
EndProject
Project("{9A19103F-16F7-4668-BE54-9A1E7A4F7556}") = "ConsoleApp07", "ConsoleApp07\ConsoleApp07.csproj", "{47B12E7D-CA6F-43ED-9F65-B4D51DC3F18E}"
EndProject
Global
	GlobalSection(SolutionConfigurationPlatforms) = preSolution
		Debug|Any CPU = Debug|Any CPU
		Release|Any CPU = Release|Any CPU
	EndGlobalSection
	GlobalSection(ProjectConfigurationPlatforms) = postSolution
		{C68EFD5D-9B97-4AD3-BB12-42BEF73522D1}.Debug|Any CPU.ActiveCfg = Debug|Any CPU
		{C68EFD5D-9B97-4AD3-BB12-42BEF73522D1}.Debug|Any CPU.Build.0 = Debug|Any CPU
		{C68EFD5D-9B97-4AD3-BB12-42BEF73522D1}.Release|Any CPU.ActiveCfg = Release|Any CPU
		{C68EFD5D-9B97-4AD3-BB12-42BEF73522D1}.Release|Any CPU.Build.0 = Release|Any CPU
		{7977F70C-8F9A-446D-A9B7-7DB3629534AA}.Debug|Any CPU.ActiveCfg = Debug|Any CPU
		{7977F70C-8F9A-446D-A9B7-7DB3629534AA}.Debug|Any CPU.Build.0 = Debug|Any CPU
		{7977F70C-8F9A-446D-A9B7-7DB3629534AA}.Release|Any CPU.ActiveCfg = Release|Any CPU
		{7977F70C-8F9A-446D-A9B7-7DB3629534AA}.Release|Any CPU.Build.0 = Release|Any CPU
		{6DB8AF2C-5AC4-4DEB-ACFF-9C8C881B005A}.Debug|Any CPU.ActiveCfg = Debug|Any CPU
		{6DB8AF2C-5AC4-4DEB-ACFF-9C8C881B005A}.Debug|Any CPU.Build.0 = Debug|Any CPU
		{6DB8AF2C-5AC4-4DEB-ACFF-9C8C881B005A}.Release|Any CPU.ActiveCfg = Release|Any CPU
		{6DB8AF2C-5AC4-4DEB-ACFF-9C8C881B005A}.Release|Any CPU.Build.0 = Release|Any CPU
		{D7B50544-8AFC-45F4-9077-B1D0D1535241}.Debug|Any CPU.ActiveCfg = Debug|Any CPU
		{D7B50544-8AFC-45F4-9077-B1D0D1535241}.Debug|Any CPU.Build.0 = Debug|Any CPU
		{D7B50544-8AFC-45F4-9077-B1D0D1535241}.Release|Any CPU.ActiveCfg = Release|Any CPU
		{D7B50544-8AFC-45F4-9077-B1D0D1535241}.Release|Any CPU.Build.0 = Release|Any CPU
		{64DE71A6-8846-4D5D-8931-EC51A5FFA803}.Debug|Any CPU.ActiveCfg = Debug|Any CPU
		{64DE71A6-8846-4D5D-8931-EC51A5FFA803}.Debug|Any CPU.Build.0 = Debug|Any CPU
		{64DE71A6-8846-4D5D-8931-EC51A5FFA803}.Release|Any CPU.ActiveCfg = Release|Any CPU
		{64DE71A6-8846-4D5D-8931-EC51A5FFA803}.Release|Any CPU.Build.0 = Release|Any CPU
		{E1614F94-7444-4765-B1F0-5746652EB46F}.Debug|Any CPU.ActiveCfg = Debug|Any CPU
		{E1614F94-7444-4765-B1F0-5746652EB46F}.Debug|Any CPU.Build.0 = Debug|Any CPU
		{E1614F94-7444-4765-B1F0-5746652EB46F}.Release|Any CPU.ActiveCfg = Release|Any CPU
		{E1614F94-7444-4765-B1F0-5746652EB46F}.Release|Any CPU.Build.0 = Release|Any CPU
		{9F2562BD-0002-40D3-B0C7-8D814C9B7F14}.Debug|Any CPU.ActiveCfg = Debug|Any CPU
		{9F2562BD-0002-40D3-B0C7-8D814C9B7F14}.Debug|Any CPU.Build.0 = Debug|Any CPU
		{9F2562BD-0002-40D3-B0C7-8D814C9B7F14}.Release|Any CPU.ActiveCfg = Release|Any CPU
		{9F2562BD-0002-40D3-B0C7-8D814C9B7F14}.Release|Any CPU.Build.0 = Release|Any CPU
		{6E64E421-FBE2-4378-9AF5-E1B80FC09EED}.Debug|Any CPU.ActiveCfg = Debug|Any CPU
		{6E64E421-FBE2-4378-9AF5-E1B80FC09EED}.Debug|Any CPU.Build.0 = Debug|Any CPU
		{6E64E421-FBE2-4378-9AF5-E1B80FC09EED}.Release|Any CPU.ActiveCfg = Release|Any CPU
		{6E64E421-FBE2-4378-9AF5-E1B80FC09EED}.Release|Any CPU.Build.0 = Release|Any CPU
		{B470B641-C6F4-46BD-AFAD-FB0D841C5A23}.Debug|Any CPU.ActiveCfg = Debug|Any CPU
		{B470B641-C6F4-46BD-AFAD-FB0D841C5A23}.Debug|Any CPU.Build.0 = Debug|Any CPU
		{B470B641-C6F4-46BD-AFAD-FB0D841C5A23}.Release|Any CPU.ActiveCfg = Release|Any CPU
		{B470B641-C6F4-46BD-AFAD-FB0D841C5A23}.Release|Any CPU.Build.0 = Release|Any CPU
		{E75BF9AF-60C6-4F62-A7EE-86F9C55E9F2F}.Debug|Any CPU.ActiveCfg = Debug|Any CPU
		{E75BF9AF-60C6-4F62-A7EE-86F9C55E9F2F}.Debug|Any CPU.Build.0 = Debug|Any CPU
		{E75BF9AF-60C6-4F62-A7EE-86F9C55E9F2F}.Release|Any CPU.ActiveCfg = Release|Any CPU
		{E75BF9AF-60C6-4F62-A7EE-86F9C55E9F2F}.Release|Any CPU.Build.0 = Release|Any CPU
		{E463E36F-0B42-43A1-A55B-BCC85060BF2A}.Debug|Any CPU.ActiveCfg = Debug|Any CPU
		{E463E36F-0B42-43A1-A55B-BCC85060BF2A}.Debug|Any CPU.Build.0 = Debug|Any CPU
		{E463E36F-0B42-43A1-A55B-BCC85060BF2A}.Release|Any CPU.ActiveCfg = Release|Any CPU
		{E463E36F-0B42-43A1-A55B-BCC85060BF2A}.Release|Any CPU.Build.0 = Release|Any CPU
		{B84D20A3-88A8-43E2-82D3-1F1D008CE5F0}.Debug|Any CPU.ActiveCfg = Debug|Any CPU
		{B84D20A3-88A8-43E2-82D3-1F1D008CE5F0}.Debug|Any CPU.Build.0 = Debug|Any CPU
		{B84D20A3-88A8-43E2-82D3-1F1D008CE5F0}.Release|Any CPU.ActiveCfg = Release|Any CPU
		{B84D20A3-88A8-43E2-82D3-1F1D008CE5F0}.Release|Any CPU.Build.0 = Release|Any CPU
		{0BF64D76-2041-4C3B-ABE6-2E2F92DBD731}.Debug|Any CPU.ActiveCfg = Debug|Any CPU
		{0BF64D76-2041-4C3B-ABE6-2E2F92DBD731}.Debug|Any CPU.Build.0 = Debug|Any CPU
		{0BF64D76-2041-4C3B-ABE6-2E2F92DBD731}.Release|Any CPU.ActiveCfg = Release|Any CPU
		{0BF64D76-2041-4C3B-ABE6-2E2F92DBD731}.Release|Any CPU.Build.0 = Release|Any CPU
		{F54A6EAD-83B9-40B1-B594-9AE02A7E16F2}.Debug|Any CPU.ActiveCfg = Debug|Any CPU
		{F54A6EAD-83B9-40B1-B594-9AE02A7E16F2}.Debug|Any CPU.Build.0 = Debug|Any CPU
		{F54A6EAD-83B9-40B1-B594-9AE02A7E16F2}.Release|Any CPU.ActiveCfg = Release|Any CPU
		{F54A6EAD-83B9-40B1-B594-9AE02A7E16F2}.Release|Any CPU.Build.0 = Release|Any CPU
		{47B12E7D-CA6F-43ED-9F65-B4D51DC3F18E}.Debug|Any CPU.ActiveCfg = Debug|Any CPU
		{47B12E7D-CA6F-43ED-9F65-B4D51DC3F18E}.Debug|Any CPU.Build.0 = Debug|Any CPU
		{47B12E7D-CA6F-43ED-9F65-B4D51DC3F18E}.Release|Any CPU.ActiveCfg = Release|Any CPU
		{47B12E7D-CA6F-43ED-9F65-B4D51DC3F18E}.Release|Any CPU.Build.0 = Release|Any CPU
	EndGlobalSection
	GlobalSection(SolutionProperties) = preSolution
		HideSolutionNode = FALSE
	EndGlobalSection
	GlobalSection(ExtensibilityGlobals) = postSolution
		SolutionGuid = {14EE6AFB-D99E-42A4-A5BD-E71DE85253A5}
	EndGlobalSection
EndGlobal
