
Microsoft Visual Studio Solution File, Format Version 12.00
# Visual Studio Version 16
VisualStudioVersion = 16.0.32106.194
MinimumVisualStudioVersion = 10.0.40219.1
Project("{2150E333-8FDC-42A3-9474-1A3956D46DE8}") = "Solution Items", "Solution Items", "{BC5F16F8-7C32-49D3-8004-0333B9467CCB}"
	ProjectSection(SolutionItems) = preProject
		README.md = README.md
	EndProjectSection
EndProject
Project("{9A19103F-16F7-4668-BE54-9A1E7A4F7556}") = "ConsoleApp13", "ConsoleApp13\ConsoleApp13.csproj", "{C68EFD5D-9B97-4AD3-BB12-42BEF73522D1}"
EndProject
Project("{9A19103F-16F7-4668-BE54-9A1E7A4F7556}") = "ConsoleApp11", "ConsoleApp11\ConsoleApp11.csproj", "{7977F70C-8F9A-446D-A9B7-7DB3629534AA}"
EndProject
Project("{9A19103F-16F7-4668-BE54-9A1E7A4F7556}") = "ConsoleApp15", "ConsoleApp15\ConsoleApp15.csproj", "{6DB8AF2C-5AC4-4DEB-ACFF-9C8C881B005A}"
EndProject
Project("{9A19103F-16F7-4668-BE54-9A1E7A4F7556}") = "ConsoleApp16", "ConsoleApp16\ConsoleApp16.csproj", "{D7B50544-8AFC-45F4-9077-B1D0D1535241}"
EndProject
Project("{9A19103F-16F7-4668-BE54-9A1E7A4F7556}") = "ConsoleApp17", "ConsoleApp17\ConsoleApp17.csproj", "{64DE71A6-8846-4D5D-8931-EC51A5FFA803}"
EndProject
Project("{9A19103F-16F7-4668-BE54-9A1E7A4F7556}") = "ConsoleApp03", "ConsoleApp03\ConsoleApp03.csproj", "{9F2562BD-0002-40D3-B0C7-8D814C9B7F14}"
EndProject
Project("{9A19103F-16F7-4668-BE54-9A1E7A4F7556}") = "ConsoleApp04", "ConsoleApp04\ConsoleApp04.csproj", "{6E64E421-FBE2-4378-9AF5-E1B80FC09EED}"
EndProject
Project("{9A19103F-16F7-4668-BE54-9A1E7A4F7556}") = "ConsoleApp05", "ConsoleApp05\ConsoleApp05.csproj", "{B470B641-C6F4-46BD-AFAD-FB0D841C5A23}"
EndProject
Project("{9A19103F-16F7-4668-BE54-9A1E7A4F7556}") = "ConsoleApp06", "ConsoleApp06\ConsoleApp06.csproj", "{E75BF9AF-60C6-4F62-A7EE-86F9C55E9F2F}"
EndProject
Project("{9A19103F-16F7-4668-BE54-9A1E7A4F7556}") = "ConsoleApp10", "ConsoleApp10\ConsoleApp10.csproj", "{E463E36F-0B42-43A1-A55B-BCC85060BF2A}"
EndProject
Project("{9A19103F-16F7-4668-BE54-9A1E7A4F7556}") = "ConsoleApp07", "ConsoleApp07\ConsoleApp07.csproj", "{47B12E7D-CA6F-43ED-9F65-B4D51DC3F18E}"
EndProject
Project("{FAE04EC0-301F-11D3-BF4B-00C04F79EFBC}") = "WpfApp01", "WpfApp01\WpfApp01.csproj", "{32C8872F-0556-464B-8FC1-5ED147B03F11}"
EndProject
Project("{FAE04EC0-301F-11D3-BF4B-00C04F79EFBC}") = "WpfApp02", "WpfApp02\WpfApp02.csproj", "{9EF92A19-8D9C-4900-962B-D7FA0D475DF1}"
EndProject
Project("{9A19103F-16F7-4668-BE54-9A1E7A4F7556}") = "ConsoleAppPractic1", "ConsoleAppPractic1\ConsoleAppPractic1.csproj", "{98E87057-C287-4E2F-B233-AE6E87C75F9B}"
EndProject
Project("{FAE04EC0-301F-11D3-BF4B-00C04F79EFBC}") = "WpfApp03", "WpfApp03\WpfApp03.csproj", "{7FE43350-475E-4602-BA0F-7A86E3398CEE}"
EndProject
Project("{FAE04EC0-301F-11D3-BF4B-00C04F79EFBC}") = "WpfApp04", "WpfApp04\WpfApp04.csproj", "{1A88DBBA-41FA-4311-8BD3-A5E2E5616AEF}"
EndProject
Project("{FAE04EC0-301F-11D3-BF4B-00C04F79EFBC}") = "ConsoleAppPractic2", "ConsoleAppPractic2\ConsoleAppPractic2.csproj", "{F5A7F703-3C30-4137-B133-A113CCB5C26C}"
EndProject
Project("{FAE04EC0-301F-11D3-BF4B-00C04F79EFBC}") = "ConsoleAppPractic3", "ConsoleAppPractic3\ConsoleAppPractic3.csproj", "{06DCC791-C514-4F31-A81C-DCC7BE752F51}"
EndProject
Project("{FAE04EC0-301F-11D3-BF4B-00C04F79EFBC}") = "WpfApp05", "WpfApp05\WpfApp05.csproj", "{CC363058-ED7D-4F75-83E4-D532EF276574}"
EndProject
Project("{FAE04EC0-301F-11D3-BF4B-00C04F79EFBC}") = "WpfApp06", "WpfApp06\WpfApp06.csproj", "{4266444D-D2B7-4B6C-AA31-026661C465BF}"
EndProject
Project("{FAE04EC0-301F-11D3-BF4B-00C04F79EFBC}") = "ConsoleAppPractic4", "ConsoleAppPractic4\ConsoleAppPractic4.csproj", "{BEB8FF84-2BC3-497A-AE8E-7BB938C482DF}"
EndProject
Project("{FAE04EC0-301F-11D3-BF4B-00C04F79EFBC}") = "WpfApp07", "WpfApp07\WpfApp07.csproj", "{6CA79377-F8E8-46BB-9CCC-90440E9F5A0F}"
EndProject
Project("{FAE04EC0-301F-11D3-BF4B-00C04F79EFBC}") = "DBApp", "DBApp\DBApp.csproj", "{8CEDF127-82F9-4B38-A3E0-CD821DA0129B}"
EndProject
Project("{FAE04EC0-301F-11D3-BF4B-00C04F79EFBC}") = "WpfApp08", "WpfApp08\WpfApp08.csproj", "{8B687331-E7E8-4705-88F0-4B44269987CB}"
EndProject
Project("{FAE04EC0-301F-11D3-BF4B-00C04F79EFBC}") = "WpfApp09", "WpfApp09\WpfApp09.csproj", "{2657C7A6-8FE7-4C9E-9B86-3EDC5C6B3957}"
EndProject
Project("{FAE04EC0-301F-11D3-BF4B-00C04F79EFBC}") = "WpfApp10", "WpfApp10\WpfApp10.csproj", "{B2509083-092A-4C67-A549-AE36005895DB}"
EndProject
Global
	GlobalSection(SolutionConfigurationPlatforms) = preSolution
		Debug|Any CPU = Debug|Any CPU
		Release|Any CPU = Release|Any CPU
	EndGlobalSection
	GlobalSection(ProjectConfigurationPlatforms) = postSolution
		{C68EFD5D-9B97-4AD3-BB12-42BEF73522D1}.Debug|Any CPU.ActiveCfg = Debug|Any CPU
		{C68EFD5D-9B97-4AD3-BB12-42BEF73522D1}.Debug|Any CPU.Build.0 = Debug|Any CPU
		{C68EFD5D-9B97-4AD3-BB12-42BEF73522D1}.Release|Any CPU.ActiveCfg = Release|Any CPU
		{C68EFD5D-9B97-4AD3-BB12-42BEF73522D1}.Release|Any CPU.Build.0 = Release|Any CPU
		{7977F70C-8F9A-446D-A9B7-7DB3629534AA}.Debug|Any CPU.ActiveCfg = Debug|Any CPU
		{7977F70C-8F9A-446D-A9B7-7DB3629534AA}.Debug|Any CPU.Build.0 = Debug|Any CPU
		{7977F70C-8F9A-446D-A9B7-7DB3629534AA}.Release|Any CPU.ActiveCfg = Release|Any CPU
		{7977F70C-8F9A-446D-A9B7-7DB3629534AA}.Release|Any CPU.Build.0 = Release|Any CPU
		{6DB8AF2C-5AC4-4DEB-ACFF-9C8C881B005A}.Debug|Any CPU.ActiveCfg = Debug|Any CPU
		{6DB8AF2C-5AC4-4DEB-ACFF-9C8C881B005A}.Debug|Any CPU.Build.0 = Debug|Any CPU
		{6DB8AF2C-5AC4-4DEB-ACFF-9C8C881B005A}.Release|Any CPU.ActiveCfg = Release|Any CPU
		{6DB8AF2C-5AC4-4DEB-ACFF-9C8C881B005A}.Release|Any CPU.Build.0 = Release|Any CPU
		{D7B50544-8AFC-45F4-9077-B1D0D1535241}.Debug|Any CPU.ActiveCfg = Debug|Any CPU
		{D7B50544-8AFC-45F4-9077-B1D0D1535241}.Debug|Any CPU.Build.0 = Debug|Any CPU
		{D7B50544-8AFC-45F4-9077-B1D0D1535241}.Release|Any CPU.ActiveCfg = Release|Any CPU
		{D7B50544-8AFC-45F4-9077-B1D0D1535241}.Release|Any CPU.Build.0 = Release|Any CPU
		{64DE71A6-8846-4D5D-8931-EC51A5FFA803}.Debug|Any CPU.ActiveCfg = Debug|Any CPU
		{64DE71A6-8846-4D5D-8931-EC51A5FFA803}.Debug|Any CPU.Build.0 = Debug|Any CPU
		{64DE71A6-8846-4D5D-8931-EC51A5FFA803}.Release|Any CPU.ActiveCfg = Release|Any CPU
		{64DE71A6-8846-4D5D-8931-EC51A5FFA803}.Release|Any CPU.Build.0 = Release|Any CPU
		{9F2562BD-0002-40D3-B0C7-8D814C9B7F14}.Debug|Any CPU.ActiveCfg = Debug|Any CPU
		{9F2562BD-0002-40D3-B0C7-8D814C9B7F14}.Debug|Any CPU.Build.0 = Debug|Any CPU
		{9F2562BD-0002-40D3-B0C7-8D814C9B7F14}.Release|Any CPU.ActiveCfg = Release|Any CPU
		{9F2562BD-0002-40D3-B0C7-8D814C9B7F14}.Release|Any CPU.Build.0 = Release|Any CPU
		{6E64E421-FBE2-4378-9AF5-E1B80FC09EED}.Debug|Any CPU.ActiveCfg = Debug|Any CPU
		{6E64E421-FBE2-4378-9AF5-E1B80FC09EED}.Debug|Any CPU.Build.0 = Debug|Any CPU
		{6E64E421-FBE2-4378-9AF5-E1B80FC09EED}.Release|Any CPU.ActiveCfg = Release|Any CPU
		{6E64E421-FBE2-4378-9AF5-E1B80FC09EED}.Release|Any CPU.Build.0 = Release|Any CPU
		{B470B641-C6F4-46BD-AFAD-FB0D841C5A23}.Debug|Any CPU.ActiveCfg = Debug|Any CPU
		{B470B641-C6F4-46BD-AFAD-FB0D841C5A23}.Debug|Any CPU.Build.0 = Debug|Any CPU
		{B470B641-C6F4-46BD-AFAD-FB0D841C5A23}.Release|Any CPU.ActiveCfg = Release|Any CPU
		{B470B641-C6F4-46BD-AFAD-FB0D841C5A23}.Release|Any CPU.Build.0 = Release|Any CPU
		{E75BF9AF-60C6-4F62-A7EE-86F9C55E9F2F}.Debug|Any CPU.ActiveCfg = Debug|Any CPU
		{E75BF9AF-60C6-4F62-A7EE-86F9C55E9F2F}.Debug|Any CPU.Build.0 = Debug|Any CPU
		{E75BF9AF-60C6-4F62-A7EE-86F9C55E9F2F}.Release|Any CPU.ActiveCfg = Release|Any CPU
		{E75BF9AF-60C6-4F62-A7EE-86F9C55E9F2F}.Release|Any CPU.Build.0 = Release|Any CPU
		{E463E36F-0B42-43A1-A55B-BCC85060BF2A}.Debug|Any CPU.ActiveCfg = Debug|Any CPU
		{E463E36F-0B42-43A1-A55B-BCC85060BF2A}.Debug|Any CPU.Build.0 = Debug|Any CPU
		{E463E36F-0B42-43A1-A55B-BCC85060BF2A}.Release|Any CPU.ActiveCfg = Release|Any CPU
		{E463E36F-0B42-43A1-A55B-BCC85060BF2A}.Release|Any CPU.Build.0 = Release|Any CPU
		{47B12E7D-CA6F-43ED-9F65-B4D51DC3F18E}.Debug|Any CPU.ActiveCfg = Debug|Any CPU
		{47B12E7D-CA6F-43ED-9F65-B4D51DC3F18E}.Debug|Any CPU.Build.0 = Debug|Any CPU
		{47B12E7D-CA6F-43ED-9F65-B4D51DC3F18E}.Release|Any CPU.ActiveCfg = Release|Any CPU
		{47B12E7D-CA6F-43ED-9F65-B4D51DC3F18E}.Release|Any CPU.Build.0 = Release|Any CPU
		{32C8872F-0556-464B-8FC1-5ED147B03F11}.Debug|Any CPU.ActiveCfg = Debug|Any CPU
		{32C8872F-0556-464B-8FC1-5ED147B03F11}.Debug|Any CPU.Build.0 = Debug|Any CPU
		{32C8872F-0556-464B-8FC1-5ED147B03F11}.Release|Any CPU.ActiveCfg = Release|Any CPU
		{32C8872F-0556-464B-8FC1-5ED147B03F11}.Release|Any CPU.Build.0 = Release|Any CPU
		{9EF92A19-8D9C-4900-962B-D7FA0D475DF1}.Debug|Any CPU.ActiveCfg = Debug|Any CPU
		{9EF92A19-8D9C-4900-962B-D7FA0D475DF1}.Debug|Any CPU.Build.0 = Debug|Any CPU
		{9EF92A19-8D9C-4900-962B-D7FA0D475DF1}.Release|Any CPU.ActiveCfg = Release|Any CPU
		{9EF92A19-8D9C-4900-962B-D7FA0D475DF1}.Release|Any CPU.Build.0 = Release|Any CPU
		{98E87057-C287-4E2F-B233-AE6E87C75F9B}.Debug|Any CPU.ActiveCfg = Debug|Any CPU
		{98E87057-C287-4E2F-B233-AE6E87C75F9B}.Debug|Any CPU.Build.0 = Debug|Any CPU
		{98E87057-C287-4E2F-B233-AE6E87C75F9B}.Release|Any CPU.ActiveCfg = Release|Any CPU
		{98E87057-C287-4E2F-B233-AE6E87C75F9B}.Release|Any CPU.Build.0 = Release|Any CPU
		{7FE43350-475E-4602-BA0F-7A86E3398CEE}.Debug|Any CPU.ActiveCfg = Debug|Any CPU
		{7FE43350-475E-4602-BA0F-7A86E3398CEE}.Debug|Any CPU.Build.0 = Debug|Any CPU
		{7FE43350-475E-4602-BA0F-7A86E3398CEE}.Release|Any CPU.ActiveCfg = Release|Any CPU
		{7FE43350-475E-4602-BA0F-7A86E3398CEE}.Release|Any CPU.Build.0 = Release|Any CPU
		{1A88DBBA-41FA-4311-8BD3-A5E2E5616AEF}.Debug|Any CPU.ActiveCfg = Debug|Any CPU
		{1A88DBBA-41FA-4311-8BD3-A5E2E5616AEF}.Debug|Any CPU.Build.0 = Debug|Any CPU
		{1A88DBBA-41FA-4311-8BD3-A5E2E5616AEF}.Release|Any CPU.ActiveCfg = Release|Any CPU
		{1A88DBBA-41FA-4311-8BD3-A5E2E5616AEF}.Release|Any CPU.Build.0 = Release|Any CPU
		{F5A7F703-3C30-4137-B133-A113CCB5C26C}.Debug|Any CPU.ActiveCfg = Debug|Any CPU
		{F5A7F703-3C30-4137-B133-A113CCB5C26C}.Debug|Any CPU.Build.0 = Debug|Any CPU
		{F5A7F703-3C30-4137-B133-A113CCB5C26C}.Release|Any CPU.ActiveCfg = Release|Any CPU
		{F5A7F703-3C30-4137-B133-A113CCB5C26C}.Release|Any CPU.Build.0 = Release|Any CPU
		{06DCC791-C514-4F31-A81C-DCC7BE752F51}.Debug|Any CPU.ActiveCfg = Debug|Any CPU
		{06DCC791-C514-4F31-A81C-DCC7BE752F51}.Debug|Any CPU.Build.0 = Debug|Any CPU
		{06DCC791-C514-4F31-A81C-DCC7BE752F51}.Release|Any CPU.ActiveCfg = Release|Any CPU
		{06DCC791-C514-4F31-A81C-DCC7BE752F51}.Release|Any CPU.Build.0 = Release|Any CPU
		{CC363058-ED7D-4F75-83E4-D532EF276574}.Debug|Any CPU.ActiveCfg = Debug|Any CPU
		{CC363058-ED7D-4F75-83E4-D532EF276574}.Debug|Any CPU.Build.0 = Debug|Any CPU
		{CC363058-ED7D-4F75-83E4-D532EF276574}.Release|Any CPU.ActiveCfg = Release|Any CPU
		{CC363058-ED7D-4F75-83E4-D532EF276574}.Release|Any CPU.Build.0 = Release|Any CPU
		{4266444D-D2B7-4B6C-AA31-026661C465BF}.Debug|Any CPU.ActiveCfg = Debug|Any CPU
		{4266444D-D2B7-4B6C-AA31-026661C465BF}.Debug|Any CPU.Build.0 = Debug|Any CPU
		{4266444D-D2B7-4B6C-AA31-026661C465BF}.Release|Any CPU.ActiveCfg = Release|Any CPU
		{4266444D-D2B7-4B6C-AA31-026661C465BF}.Release|Any CPU.Build.0 = Release|Any CPU
		{BEB8FF84-2BC3-497A-AE8E-7BB938C482DF}.Debug|Any CPU.ActiveCfg = Debug|Any CPU
		{BEB8FF84-2BC3-497A-AE8E-7BB938C482DF}.Debug|Any CPU.Build.0 = Debug|Any CPU
		{BEB8FF84-2BC3-497A-AE8E-7BB938C482DF}.Release|Any CPU.ActiveCfg = Release|Any CPU
		{BEB8FF84-2BC3-497A-AE8E-7BB938C482DF}.Release|Any CPU.Build.0 = Release|Any CPU
		{6CA79377-F8E8-46BB-9CCC-90440E9F5A0F}.Debug|Any CPU.ActiveCfg = Debug|Any CPU
		{6CA79377-F8E8-46BB-9CCC-90440E9F5A0F}.Debug|Any CPU.Build.0 = Debug|Any CPU
		{6CA79377-F8E8-46BB-9CCC-90440E9F5A0F}.Release|Any CPU.ActiveCfg = Release|Any CPU
		{6CA79377-F8E8-46BB-9CCC-90440E9F5A0F}.Release|Any CPU.Build.0 = Release|Any CPU
		{8CEDF127-82F9-4B38-A3E0-CD821DA0129B}.Debug|Any CPU.ActiveCfg = Debug|Any CPU
		{8CEDF127-82F9-4B38-A3E0-CD821DA0129B}.Debug|Any CPU.Build.0 = Debug|Any CPU
		{8CEDF127-82F9-4B38-A3E0-CD821DA0129B}.Release|Any CPU.ActiveCfg = Release|Any CPU
		{8CEDF127-82F9-4B38-A3E0-CD821DA0129B}.Release|Any CPU.Build.0 = Release|Any CPU
		{8B687331-E7E8-4705-88F0-4B44269987CB}.Debug|Any CPU.ActiveCfg = Debug|Any CPU
		{8B687331-E7E8-4705-88F0-4B44269987CB}.Debug|Any CPU.Build.0 = Debug|Any CPU
		{8B687331-E7E8-4705-88F0-4B44269987CB}.Release|Any CPU.ActiveCfg = Release|Any CPU
		{8B687331-E7E8-4705-88F0-4B44269987CB}.Release|Any CPU.Build.0 = Release|Any CPU
		{2657C7A6-8FE7-4C9E-9B86-3EDC5C6B3957}.Debug|Any CPU.ActiveCfg = Debug|Any CPU
		{2657C7A6-8FE7-4C9E-9B86-3EDC5C6B3957}.Debug|Any CPU.Build.0 = Debug|Any CPU
		{2657C7A6-8FE7-4C9E-9B86-3EDC5C6B3957}.Release|Any CPU.ActiveCfg = Release|Any CPU
		{2657C7A6-8FE7-4C9E-9B86-3EDC5C6B3957}.Release|Any CPU.Build.0 = Release|Any CPU
		{B2509083-092A-4C67-A549-AE36005895DB}.Debug|Any CPU.ActiveCfg = Debug|Any CPU
		{B2509083-092A-4C67-A549-AE36005895DB}.Debug|Any CPU.Build.0 = Debug|Any CPU
		{B2509083-092A-4C67-A549-AE36005895DB}.Release|Any CPU.ActiveCfg = Release|Any CPU
		{B2509083-092A-4C67-A549-AE36005895DB}.Release|Any CPU.Build.0 = Release|Any CPU
	EndGlobalSection
	GlobalSection(SolutionProperties) = preSolution
		HideSolutionNode = FALSE
	EndGlobalSection
	GlobalSection(NestedProjects) = preSolution
		{8B687331-E7E8-4705-88F0-4B44269987CB} = {BC5F16F8-7C32-49D3-8004-0333B9467CCB}
	EndGlobalSection
	GlobalSection(ExtensibilityGlobals) = postSolution
		SolutionGuid = {14EE6AFB-D99E-42A4-A5BD-E71DE85253A5}
	EndGlobalSection
EndGlobal
